
Microsoft Visual Studio Solution File, Format Version 12.00
# Visual Studio Version 17
VisualStudioVersion = 17.3.32922.545
MinimumVisualStudioVersion = 10.0.40219.1
Project("{FAE04EC0-301F-11D3-BF4B-00C04F79EFBC}") = "parseHtml1", "parseHtml1\parseHtml1.csproj", "{04022868-CEE6-4766-AD98-2B314A4C9EBA}"
EndProject
Global
	GlobalSection(SolutionConfigurationPlatforms) = preSolution
		Debug|Any CPU = Debug|Any CPU
		Release|Any CPU = Release|Any CPU
	EndGlobalSection
	GlobalSection(ProjectConfigurationPlatforms) = postSolution
		{04022868-CEE6-4766-AD98-2B314A4C9EBA}.Debug|Any CPU.ActiveCfg = Debug|Any CPU
		{04022868-CEE6-4766-AD98-2B314A4C9EBA}.Debug|Any CPU.Build.0 = Debug|Any CPU
		{04022868-CEE6-4766-AD98-2B314A4C9EBA}.Release|Any CPU.ActiveCfg = Release|Any CPU
		{04022868-CEE6-4766-AD98-2B314A4C9EBA}.Release|Any CPU.Build.0 = Release|Any CPU
	EndGlobalSection
	GlobalSection(SolutionProperties) = preSolution
		HideSolutionNode = FALSE
	EndGlobalSection
	GlobalSection(ExtensibilityGlobals) = postSolution
		SolutionGuid = {F5A6E5EA-8912-45E7-BE7D-6E8D54E0E511}
	EndGlobalSection
EndGlobal
